{
  "originHash" : "18bbbaa47c24d88e1d32540f35aedf6e1bd14398eb435a331199a9d3995e4e24",
  "pins" : [
    {
      "identity" : "executorch",
      "kind" : "remoteSourceControl",
      "location" : "https://github.com/pytorch/executorch",
      "state" : {
        "branch" : "swiftpm-0.7.0",
        "revision" : "2a6f62d169ded44a7fd8c510561ee3476e46958f"
      }
    }
  ],
  "version" : 3
}
